
Microsoft Visual Studio Solution File, Format Version 12.00
# Visual Studio 15
VisualStudioVersion = 15.0.28307.1267
MinimumVisualStudioVersion = 10.0.40219.1
Project("{00D1A9C2-B5F0-4AF3-8072-F6C62B433612}") = "Global", "Global\Global.sqlproj", "{70645DB8-73D3-46BA-BBEA-469406910AF5}"
EndProject
Project("{00D1A9C2-B5F0-4AF3-8072-F6C62B433612}") = "LiquorWarehouseStage_1_02", "LiquorWarehouseStage_1_0\LiquorWarehouseStage_1_02.sqlproj", "{EFCE299A-18BF-485A-A316-8924EB28720F}"
EndProject
Project("{00D1A9C2-B5F0-4AF3-8072-F6C62B433612}") = "MiscellaneousQueries", "MiscellaneousQueries\MiscellaneousQueries.sqlproj", "{F4BAF7D2-C77B-4836-8DB0-9A1BE519A242}"
EndProject
Project("{00D1A9C2-B5F0-4AF3-8072-F6C62B433612}") = "Redshift", "Redshift\Redshift.sqlproj", "{C83B98C0-2BFE-4B2B-89CE-86D1E74EAA16}"
EndProject
Project("{00D1A9C2-B5F0-4AF3-8072-F6C62B433612}") = "BrownForman", "BrownForman\BrownForman.sqlproj", "{10ACD90B-B65C-4770-940C-E9631B378E0D}"
EndProject
Project("{00D1A9C2-B5F0-4AF3-8072-F6C62B433612}") = "Proximo", "Proximo\Proximo.sqlproj", "{AEAB099F-F602-4E1E-8322-B6D156E1DC54}"
EndProject
Project("{00D1A9C2-B5F0-4AF3-8072-F6C62B433612}") = "Pinata", "Pinata\Pinata.sqlproj", "{7AE7770C-832D-4B4D-8726-A6CF9087FA8C}"
EndProject
Project("{00D1A9C2-B5F0-4AF3-8072-F6C62B433612}") = "Custom WGSAustralia", "Custom WGSAustralia\Custom WGSAustralia.sqlproj", "{B2DA98F9-F3E9-4CA4-AF5B-0FF02EA2C4AB}"
EndProject
Global
	GlobalSection(SolutionConfigurationPlatforms) = preSolution
		Debug|Any CPU = Debug|Any CPU
		Development|Any CPU = Development|Any CPU
		Release|Any CPU = Release|Any CPU
	EndGlobalSection
	GlobalSection(ProjectConfigurationPlatforms) = postSolution
		{70645DB8-73D3-46BA-BBEA-469406910AF5}.Debug|Any CPU.ActiveCfg = Debug|Any CPU
		{70645DB8-73D3-46BA-BBEA-469406910AF5}.Debug|Any CPU.Build.0 = Debug|Any CPU
		{70645DB8-73D3-46BA-BBEA-469406910AF5}.Debug|Any CPU.Deploy.0 = Debug|Any CPU
		{70645DB8-73D3-46BA-BBEA-469406910AF5}.Development|Any CPU.ActiveCfg = Debug|Any CPU
		{70645DB8-73D3-46BA-BBEA-469406910AF5}.Development|Any CPU.Build.0 = Debug|Any CPU
		{70645DB8-73D3-46BA-BBEA-469406910AF5}.Development|Any CPU.Deploy.0 = Debug|Any CPU
		{70645DB8-73D3-46BA-BBEA-469406910AF5}.Release|Any CPU.ActiveCfg = Release|Any CPU
		{70645DB8-73D3-46BA-BBEA-469406910AF5}.Release|Any CPU.Build.0 = Release|Any CPU
		{70645DB8-73D3-46BA-BBEA-469406910AF5}.Release|Any CPU.Deploy.0 = Release|Any CPU
		{EFCE299A-18BF-485A-A316-8924EB28720F}.Debug|Any CPU.ActiveCfg = Debug|Any CPU
		{EFCE299A-18BF-485A-A316-8924EB28720F}.Debug|Any CPU.Build.0 = Debug|Any CPU
		{EFCE299A-18BF-485A-A316-8924EB28720F}.Debug|Any CPU.Deploy.0 = Debug|Any CPU
		{EFCE299A-18BF-485A-A316-8924EB28720F}.Development|Any CPU.ActiveCfg = Debug|Any CPU
		{EFCE299A-18BF-485A-A316-8924EB28720F}.Development|Any CPU.Build.0 = Debug|Any CPU
		{EFCE299A-18BF-485A-A316-8924EB28720F}.Development|Any CPU.Deploy.0 = Debug|Any CPU
		{EFCE299A-18BF-485A-A316-8924EB28720F}.Release|Any CPU.ActiveCfg = Release|Any CPU
		{EFCE299A-18BF-485A-A316-8924EB28720F}.Release|Any CPU.Build.0 = Release|Any CPU
		{EFCE299A-18BF-485A-A316-8924EB28720F}.Release|Any CPU.Deploy.0 = Release|Any CPU
		{F4BAF7D2-C77B-4836-8DB0-9A1BE519A242}.Debug|Any CPU.ActiveCfg = Debug|Any CPU
		{F4BAF7D2-C77B-4836-8DB0-9A1BE519A242}.Debug|Any CPU.Build.0 = Debug|Any CPU
		{F4BAF7D2-C77B-4836-8DB0-9A1BE519A242}.Development|Any CPU.ActiveCfg = Debug|Any CPU
		{F4BAF7D2-C77B-4836-8DB0-9A1BE519A242}.Development|Any CPU.Build.0 = Debug|Any CPU
		{F4BAF7D2-C77B-4836-8DB0-9A1BE519A242}.Development|Any CPU.Deploy.0 = Debug|Any CPU
		{F4BAF7D2-C77B-4836-8DB0-9A1BE519A242}.Release|Any CPU.ActiveCfg = Release|Any CPU
		{F4BAF7D2-C77B-4836-8DB0-9A1BE519A242}.Release|Any CPU.Build.0 = Release|Any CPU
		{F4BAF7D2-C77B-4836-8DB0-9A1BE519A242}.Release|Any CPU.Deploy.0 = Release|Any CPU
		{C83B98C0-2BFE-4B2B-89CE-86D1E74EAA16}.Debug|Any CPU.ActiveCfg = Debug|Any CPU
		{C83B98C0-2BFE-4B2B-89CE-86D1E74EAA16}.Debug|Any CPU.Build.0 = Debug|Any CPU
		{C83B98C0-2BFE-4B2B-89CE-86D1E74EAA16}.Debug|Any CPU.Deploy.0 = Debug|Any CPU
		{C83B98C0-2BFE-4B2B-89CE-86D1E74EAA16}.Development|Any CPU.ActiveCfg = Debug|Any CPU
		{C83B98C0-2BFE-4B2B-89CE-86D1E74EAA16}.Development|Any CPU.Build.0 = Debug|Any CPU
		{C83B98C0-2BFE-4B2B-89CE-86D1E74EAA16}.Development|Any CPU.Deploy.0 = Debug|Any CPU
		{C83B98C0-2BFE-4B2B-89CE-86D1E74EAA16}.Release|Any CPU.ActiveCfg = Release|Any CPU
		{C83B98C0-2BFE-4B2B-89CE-86D1E74EAA16}.Release|Any CPU.Build.0 = Release|Any CPU
		{C83B98C0-2BFE-4B2B-89CE-86D1E74EAA16}.Release|Any CPU.Deploy.0 = Release|Any CPU
		{10ACD90B-B65C-4770-940C-E9631B378E0D}.Debug|Any CPU.ActiveCfg = Debug|Any CPU
		{10ACD90B-B65C-4770-940C-E9631B378E0D}.Debug|Any CPU.Build.0 = Debug|Any CPU
		{10ACD90B-B65C-4770-940C-E9631B378E0D}.Debug|Any CPU.Deploy.0 = Debug|Any CPU
		{10ACD90B-B65C-4770-940C-E9631B378E0D}.Development|Any CPU.ActiveCfg = Debug|Any CPU
		{10ACD90B-B65C-4770-940C-E9631B378E0D}.Development|Any CPU.Build.0 = Debug|Any CPU
		{10ACD90B-B65C-4770-940C-E9631B378E0D}.Development|Any CPU.Deploy.0 = Debug|Any CPU
		{10ACD90B-B65C-4770-940C-E9631B378E0D}.Release|Any CPU.ActiveCfg = Release|Any CPU
		{10ACD90B-B65C-4770-940C-E9631B378E0D}.Release|Any CPU.Build.0 = Release|Any CPU
		{10ACD90B-B65C-4770-940C-E9631B378E0D}.Release|Any CPU.Deploy.0 = Release|Any CPU
		{AEAB099F-F602-4E1E-8322-B6D156E1DC54}.Debug|Any CPU.ActiveCfg = Debug|Any CPU
		{AEAB099F-F602-4E1E-8322-B6D156E1DC54}.Debug|Any CPU.Build.0 = Debug|Any CPU
		{AEAB099F-F602-4E1E-8322-B6D156E1DC54}.Debug|Any CPU.Deploy.0 = Debug|Any CPU
		{AEAB099F-F602-4E1E-8322-B6D156E1DC54}.Development|Any CPU.ActiveCfg = Debug|Any CPU
		{AEAB099F-F602-4E1E-8322-B6D156E1DC54}.Development|Any CPU.Build.0 = Debug|Any CPU
		{AEAB099F-F602-4E1E-8322-B6D156E1DC54}.Development|Any CPU.Deploy.0 = Debug|Any CPU
		{AEAB099F-F602-4E1E-8322-B6D156E1DC54}.Release|Any CPU.ActiveCfg = Release|Any CPU
		{AEAB099F-F602-4E1E-8322-B6D156E1DC54}.Release|Any CPU.Build.0 = Release|Any CPU
		{AEAB099F-F602-4E1E-8322-B6D156E1DC54}.Release|Any CPU.Deploy.0 = Release|Any CPU
		{7AE7770C-832D-4B4D-8726-A6CF9087FA8C}.Debug|Any CPU.ActiveCfg = Debug|Any CPU
		{7AE7770C-832D-4B4D-8726-A6CF9087FA8C}.Debug|Any CPU.Build.0 = Debug|Any CPU
		{7AE7770C-832D-4B4D-8726-A6CF9087FA8C}.Debug|Any CPU.Deploy.0 = Debug|Any CPU
		{7AE7770C-832D-4B4D-8726-A6CF9087FA8C}.Development|Any CPU.ActiveCfg = Debug|Any CPU
		{7AE7770C-832D-4B4D-8726-A6CF9087FA8C}.Development|Any CPU.Build.0 = Debug|Any CPU
		{7AE7770C-832D-4B4D-8726-A6CF9087FA8C}.Development|Any CPU.Deploy.0 = Debug|Any CPU
		{7AE7770C-832D-4B4D-8726-A6CF9087FA8C}.Release|Any CPU.ActiveCfg = Release|Any CPU
		{7AE7770C-832D-4B4D-8726-A6CF9087FA8C}.Release|Any CPU.Build.0 = Release|Any CPU
		{7AE7770C-832D-4B4D-8726-A6CF9087FA8C}.Release|Any CPU.Deploy.0 = Release|Any CPU
		{B2DA98F9-F3E9-4CA4-AF5B-0FF02EA2C4AB}.Debug|Any CPU.ActiveCfg = Debug|Any CPU
		{B2DA98F9-F3E9-4CA4-AF5B-0FF02EA2C4AB}.Debug|Any CPU.Build.0 = Debug|Any CPU
		{B2DA98F9-F3E9-4CA4-AF5B-0FF02EA2C4AB}.Debug|Any CPU.Deploy.0 = Debug|Any CPU
		{B2DA98F9-F3E9-4CA4-AF5B-0FF02EA2C4AB}.Development|Any CPU.ActiveCfg = Debug|Any CPU
		{B2DA98F9-F3E9-4CA4-AF5B-0FF02EA2C4AB}.Development|Any CPU.Build.0 = Debug|Any CPU
		{B2DA98F9-F3E9-4CA4-AF5B-0FF02EA2C4AB}.Development|Any CPU.Deploy.0 = Debug|Any CPU
		{B2DA98F9-F3E9-4CA4-AF5B-0FF02EA2C4AB}.Release|Any CPU.ActiveCfg = Release|Any CPU
		{B2DA98F9-F3E9-4CA4-AF5B-0FF02EA2C4AB}.Release|Any CPU.Build.0 = Release|Any CPU
		{B2DA98F9-F3E9-4CA4-AF5B-0FF02EA2C4AB}.Release|Any CPU.Deploy.0 = Release|Any CPU
	EndGlobalSection
	GlobalSection(SolutionProperties) = preSolution
		HideSolutionNode = FALSE
	EndGlobalSection
	GlobalSection(ExtensibilityGlobals) = postSolution
		SolutionGuid = {E2532D1A-7E45-4C9B-9890-6AAA1E0FE2F3}
	EndGlobalSection
EndGlobal
